dependencies:
- name: postgresql
  repository: https://charts.bitnami.com/bitnami
  version: 12.2.6
- name: redis
  repository: https://charts.bitnami.com/bitnami
  version: 17.9.3
digest: sha256:28d70852ae4fc6586170b8899974370902022c4e884eb03895864c988300914d
generated: "2025-01-20T20:15:16.752835571+01:00"
